
Microsoft Visual Studio Solution File, Format Version 12.00
# Visual Studio 2013
VisualStudioVersion = 12.0.31101.0
MinimumVisualStudioVersion = 10.0.40219.1
Project("{FAE04EC0-301F-11D3-BF4B-00C04F79EFBC}") = "TicTacToe", "TicTacToe\TicTacToe.csproj", "{97E77534-E965-45F1-8645-17CA2DA7197D}"
EndProject
Project("{FAE04EC0-301F-11D3-BF4B-00C04F79EFBC}") = "TicTacToe.Specs", "TicTacToe.Specs\TicTacToe.Specs.csproj", "{B7E85E6B-9840-42E8-82F5-AC4DDFC4B738}"
EndProject
Project("{FAE04EC0-301F-11D3-BF4B-00C04F79EFBC}") = "TicTacToe.Specs.Test", "TicTacToe.Specs.Test\TicTacToe.Specs.Test.csproj", "{F71F232A-02C4-4BE8-9365-CC677A20F13C}"
EndProject
Global
	GlobalSection(SolutionConfigurationPlatforms) = preSolution
		Debug|Any CPU = Debug|Any CPU
		Release|Any CPU = Release|Any CPU
	EndGlobalSection
	GlobalSection(ProjectConfigurationPlatforms) = postSolution
		{97E77534-E965-45F1-8645-17CA2DA7197D}.Debug|Any CPU.ActiveCfg = Debug|Any CPU
		{97E77534-E965-45F1-8645-17CA2DA7197D}.Debug|Any CPU.Build.0 = Debug|Any CPU
		{97E77534-E965-45F1-8645-17CA2DA7197D}.Release|Any CPU.ActiveCfg = Release|Any CPU
		{97E77534-E965-45F1-8645-17CA2DA7197D}.Release|Any CPU.Build.0 = Release|Any CPU
		{B7E85E6B-9840-42E8-82F5-AC4DDFC4B738}.Debug|Any CPU.ActiveCfg = Debug|Any CPU
		{B7E85E6B-9840-42E8-82F5-AC4DDFC4B738}.Debug|Any CPU.Build.0 = Debug|Any CPU
		{B7E85E6B-9840-42E8-82F5-AC4DDFC4B738}.Release|Any CPU.ActiveCfg = Release|Any CPU
		{B7E85E6B-9840-42E8-82F5-AC4DDFC4B738}.Release|Any CPU.Build.0 = Release|Any CPU
		{F71F232A-02C4-4BE8-9365-CC677A20F13C}.Debug|Any CPU.ActiveCfg = Debug|Any CPU
		{F71F232A-02C4-4BE8-9365-CC677A20F13C}.Debug|Any CPU.Build.0 = Debug|Any CPU
		{F71F232A-02C4-4BE8-9365-CC677A20F13C}.Release|Any CPU.ActiveCfg = Release|Any CPU
		{F71F232A-02C4-4BE8-9365-CC677A20F13C}.Release|Any CPU.Build.0 = Release|Any CPU
	EndGlobalSection
	GlobalSection(SolutionProperties) = preSolution
		HideSolutionNode = FALSE
	EndGlobalSection
EndGlobal
